// !$*UTF8*$!
{
	archiveVersion = 1;
	classes = {
	};
	objectVersion = 55;
	objects = {

/* Begin PBXBuildFile section */
		1B12B6DD2934B01000E1DBFF /* CheckInViewController.swift in Sources */ = {isa = PBXBuildFile; fileRef = 1B12B6DC2934B01000E1DBFF /* CheckInViewController.swift */; };
		1B12B6DF2934B10E00E1DBFF /* MapViewController.swift in Sources */ = {isa = PBXBuildFile; fileRef = 1B12B6DE2934B10D00E1DBFF /* MapViewController.swift */; };
		1B12B6E22934B47E00E1DBFF /* LocationManager.swift in Sources */ = {isa = PBXBuildFile; fileRef = 1B12B6E12934B47E00E1DBFF /* LocationManager.swift */; };
		1B3804C729359AEF000ED4C6 /* LoginModel.swift in Sources */ = {isa = PBXBuildFile; fileRef = 1B3804C629359AEF000ED4C6 /* LoginModel.swift */; };
		1B3804C92935AB4C000ED4C6 /* KeychainManager.swift in Sources */ = {isa = PBXBuildFile; fileRef = 1B3804C82935AB4C000ED4C6 /* KeychainManager.swift */; };
		1B3804CC2935AEF5000ED4C6 /* User.swift in Sources */ = {isa = PBXBuildFile; fileRef = 1B3804CB2935AEF5000ED4C6 /* User.swift */; };
		1B3804CE2935AF48000ED4C6 /* Extension.swift in Sources */ = {isa = PBXBuildFile; fileRef = 1B3804CD2935AF48000ED4C6 /* Extension.swift */; };
		1B3804D02935AF63000ED4C6 /* BusinessUnit.swift in Sources */ = {isa = PBXBuildFile; fileRef = 1B3804CF2935AF63000ED4C6 /* BusinessUnit.swift */; };
		1B3804D22935B01B000ED4C6 /* Config.swift in Sources */ = {isa = PBXBuildFile; fileRef = 1B3804D12935B01B000ED4C6 /* Config.swift */; };
		1B3804D42935B03F000ED4C6 /* Webservice.swift in Sources */ = {isa = PBXBuildFile; fileRef = 1B3804D32935B03F000ED4C6 /* Webservice.swift */; };
		1B3804D62935B059000ED4C6 /* Environment.swift in Sources */ = {isa = PBXBuildFile; fileRef = 1B3804D52935B059000ED4C6 /* Environment.swift */; };
		1B3804D82935B07D000ED4C6 /* AllowSystem.swift in Sources */ = {isa = PBXBuildFile; fileRef = 1B3804D72935B07D000ED4C6 /* AllowSystem.swift */; };
		1B3804DA2935C22D000ED4C6 /* AlertManager.swift in Sources */ = {isa = PBXBuildFile; fileRef = 1B3804D92935C22D000ED4C6 /* AlertManager.swift */; };
		1B3804DC2935DB3E000ED4C6 /* CacheManager.swift in Sources */ = {isa = PBXBuildFile; fileRef = 1B3804DB2935DB3E000ED4C6 /* CacheManager.swift */; };
		1B3804DF293614EC000ED4C6 /* DropDownCell.swift in Sources */ = {isa = PBXBuildFile; fileRef = 1B3804DD293614EC000ED4C6 /* DropDownCell.swift */; };
		1B3804E0293614EC000ED4C6 /* DropDownCell.xib in Resources */ = {isa = PBXBuildFile; fileRef = 1B3804DE293614EC000ED4C6 /* DropDownCell.xib */; };
		1B3A657229309BB20054BBF1 /* Font.swift in Sources */ = {isa = PBXBuildFile; fileRef = 1B3A657129309BB20054BBF1 /* Font.swift */; };
		1B3A65752930A91F0054BBF1 /* UIColor.swift in Sources */ = {isa = PBXBuildFile; fileRef = 1B3A65742930A91F0054BBF1 /* UIColor.swift */; };
		1B3A65792930AACD0054BBF1 /* JobDetailViewController.swift in Sources */ = {isa = PBXBuildFile; fileRef = 1B3A65782930AACD0054BBF1 /* JobDetailViewController.swift */; };
		1B3A657B2930AADA0054BBF1 /* JobDetailViewModel.swift in Sources */ = {isa = PBXBuildFile; fileRef = 1B3A657A2930AADA0054BBF1 /* JobDetailViewModel.swift */; };
		1B3A657D2930AAE20054BBF1 /* JobDetailModel.swift in Sources */ = {isa = PBXBuildFile; fileRef = 1B3A657C2930AAE20054BBF1 /* JobDetailModel.swift */; };
		1B3A658A2930CC530054BBF1 /* RemarkTableViewCell.swift in Sources */ = {isa = PBXBuildFile; fileRef = 1B3A65882930CC530054BBF1 /* RemarkTableViewCell.swift */; };
		1B3A658B2930CC530054BBF1 /* RemarkTableViewCell.xib in Resources */ = {isa = PBXBuildFile; fileRef = 1B3A65892930CC530054BBF1 /* RemarkTableViewCell.xib */; };
		1B3A658F2930CC6E0054BBF1 /* CustomeCell.swift in Sources */ = {isa = PBXBuildFile; fileRef = 1B3A658D2930CC6E0054BBF1 /* CustomeCell.swift */; };
		1B3A65902930CC6E0054BBF1 /* CustomeCell.xib in Resources */ = {isa = PBXBuildFile; fileRef = 1B3A658E2930CC6E0054BBF1 /* CustomeCell.xib */; };
		1B6927D1293055D20085D29F /* LoginViewModel.swift in Sources */ = {isa = PBXBuildFile; fileRef = 1B6927D0293055D20085D29F /* LoginViewModel.swift */; };
		1B6927D32930560E0085D29F /* LoginResponse.swift in Sources */ = {isa = PBXBuildFile; fileRef = 1B6927D22930560E0085D29F /* LoginResponse.swift */; };
		1B6927DC29306EE00085D29F /* HomeViewController.swift in Sources */ = {isa = PBXBuildFile; fileRef = 1B6927DB29306EE00085D29F /* HomeViewController.swift */; };
		1B6927DF29306EFF0085D29F /* HomeViewModel.swift in Sources */ = {isa = PBXBuildFile; fileRef = 1B6927DE29306EFF0085D29F /* HomeViewModel.swift */; };
		1B6927E3293079C10085D29F /* Singerton.swift in Sources */ = {isa = PBXBuildFile; fileRef = 1B6927E2293079C10085D29F /* Singerton.swift */; };
		1B6927E629307F190085D29F /* ModuleCellCollectionViewCell.swift in Sources */ = {isa = PBXBuildFile; fileRef = 1B6927E429307F190085D29F /* ModuleCellCollectionViewCell.swift */; };
		1B6927E729307F190085D29F /* ModuleCellCollectionViewCell.xib in Resources */ = {isa = PBXBuildFile; fileRef = 1B6927E529307F190085D29F /* ModuleCellCollectionViewCell.xib */; };
		1B6927F1293082D70085D29F /* NewJobViewModel.swift in Sources */ = {isa = PBXBuildFile; fileRef = 1B6927F0293082D70085D29F /* NewJobViewModel.swift */; };
		1B6927F3293082E30085D29F /* JobModel.swift in Sources */ = {isa = PBXBuildFile; fileRef = 1B6927F2293082E30085D29F /* JobModel.swift */; };
		1B6927F5293092D10085D29F /* NewJobViewController.swift in Sources */ = {isa = PBXBuildFile; fileRef = 1B6927F4293092D10085D29F /* NewJobViewController.swift */; };
		1B6927FB293099B80085D29F /* NewJobTableViewCell.swift in Sources */ = {isa = PBXBuildFile; fileRef = 1B6927F9293099B80085D29F /* NewJobTableViewCell.swift */; };
		1B6927FC293099B80085D29F /* NewJobTableViewCell.xib in Resources */ = {isa = PBXBuildFile; fileRef = 1B6927FA293099B80085D29F /* NewJobTableViewCell.xib */; };
		1B9E1E05292F7AFF009EE387 /* AppDelegate.swift in Sources */ = {isa = PBXBuildFile; fileRef = 1B9E1E04292F7AFF009EE387 /* AppDelegate.swift */; };
		1B9E1E07292F7AFF009EE387 /* SceneDelegate.swift in Sources */ = {isa = PBXBuildFile; fileRef = 1B9E1E06292F7AFF009EE387 /* SceneDelegate.swift */; };
		1B9E1E0C292F7AFF009EE387 /* Main.storyboard in Resources */ = {isa = PBXBuildFile; fileRef = 1B9E1E0A292F7AFF009EE387 /* Main.storyboard */; };
		1B9E1E0E292F7B03009EE387 /* Assets.xcassets in Resources */ = {isa = PBXBuildFile; fileRef = 1B9E1E0D292F7B03009EE387 /* Assets.xcassets */; };
		1B9E1E11292F7B03009EE387 /* LaunchScreen.storyboard in Resources */ = {isa = PBXBuildFile; fileRef = 1B9E1E0F292F7B03009EE387 /* LaunchScreen.storyboard */; };
		1B9E1E19292F7E46009EE387 /* LoginViewController.swift in Sources */ = {isa = PBXBuildFile; fileRef = 1B9E1E18292F7E46009EE387 /* LoginViewController.swift */; };
		1BBCB45F2936F0DC0073A2EF /* PopoverViewController.swift in Sources */ = {isa = PBXBuildFile; fileRef = 1BBCB45E2936F0DC0073A2EF /* PopoverViewController.swift */; };
		1BBCB4622936F9940073A2EF /* PopoverTableViewCell.swift in Sources */ = {isa = PBXBuildFile; fileRef = 1BBCB4602936F9940073A2EF /* PopoverTableViewCell.swift */; };
		1BBCB4632936F9940073A2EF /* PopoverTableViewCell.xib in Resources */ = {isa = PBXBuildFile; fileRef = 1BBCB4612936F9940073A2EF /* PopoverTableViewCell.xib */; };
		61841F33E9D0FD2DBB1723EC /* Pods_ARRA_3_0.framework in Frameworks */ = {isa = PBXBuildFile; fileRef = F69B55D2E59860969D4D5702 /* Pods_ARRA_3_0.framework */; };
/* End PBXBuildFile section */

/* Begin PBXFileReference section */
		1B12B6DC2934B01000E1DBFF /* CheckInViewController.swift */ = {isa = PBXFileReference; lastKnownFileType = sourcecode.swift; path = CheckInViewController.swift; sourceTree = "<group>"; };
		1B12B6DE2934B10D00E1DBFF /* MapViewController.swift */ = {isa = PBXFileReference; lastKnownFileType = sourcecode.swift; path = MapViewController.swift; sourceTree = "<group>"; };
		1B12B6E12934B47E00E1DBFF /* LocationManager.swift */ = {isa = PBXFileReference; lastKnownFileType = sourcecode.swift; path = LocationManager.swift; sourceTree = "<group>"; };
		1B3804C629359AEF000ED4C6 /* LoginModel.swift */ = {isa = PBXFileReference; lastKnownFileType = sourcecode.swift; path = LoginModel.swift; sourceTree = "<group>"; };
		1B3804C82935AB4C000ED4C6 /* KeychainManager.swift */ = {isa = PBXFileReference; lastKnownFileType = sourcecode.swift; path = KeychainManager.swift; sourceTree = "<group>"; };
		1B3804CB2935AEF5000ED4C6 /* User.swift */ = {isa = PBXFileReference; lastKnownFileType = sourcecode.swift; path = User.swift; sourceTree = "<group>"; };
		1B3804CD2935AF48000ED4C6 /* Extension.swift */ = {isa = PBXFileReference; lastKnownFileType = sourcecode.swift; path = Extension.swift; sourceTree = "<group>"; };
		1B3804CF2935AF63000ED4C6 /* BusinessUnit.swift */ = {isa = PBXFileReference; lastKnownFileType = sourcecode.swift; path = BusinessUnit.swift; sourceTree = "<group>"; };
		1B3804D12935B01B000ED4C6 /* Config.swift */ = {isa = PBXFileReference; lastKnownFileType = sourcecode.swift; path = Config.swift; sourceTree = "<group>"; };
		1B3804D32935B03F000ED4C6 /* Webservice.swift */ = {isa = PBXFileReference; lastKnownFileType = sourcecode.swift; path = Webservice.swift; sourceTree = "<group>"; };
		1B3804D52935B059000ED4C6 /* Environment.swift */ = {isa = PBXFileReference; lastKnownFileType = sourcecode.swift; path = Environment.swift; sourceTree = "<group>"; };
		1B3804D72935B07D000ED4C6 /* AllowSystem.swift */ = {isa = PBXFileReference; lastKnownFileType = sourcecode.swift; path = AllowSystem.swift; sourceTree = "<group>"; };
		1B3804D92935C22D000ED4C6 /* AlertManager.swift */ = {isa = PBXFileReference; lastKnownFileType = sourcecode.swift; path = AlertManager.swift; sourceTree = "<group>"; };
		1B3804DB2935DB3E000ED4C6 /* CacheManager.swift */ = {isa = PBXFileReference; lastKnownFileType = sourcecode.swift; path = CacheManager.swift; sourceTree = "<group>"; };
		1B3804DD293614EC000ED4C6 /* DropDownCell.swift */ = {isa = PBXFileReference; lastKnownFileType = sourcecode.swift; path = DropDownCell.swift; sourceTree = "<group>"; };
		1B3804DE293614EC000ED4C6 /* DropDownCell.xib */ = {isa = PBXFileReference; lastKnownFileType = file.xib; path = DropDownCell.xib; sourceTree = "<group>"; };
		1B3A657129309BB20054BBF1 /* Font.swift */ = {isa = PBXFileReference; lastKnownFileType = sourcecode.swift; path = Font.swift; sourceTree = "<group>"; };
		1B3A65742930A91F0054BBF1 /* UIColor.swift */ = {isa = PBXFileReference; lastKnownFileType = sourcecode.swift; path = UIColor.swift; sourceTree = "<group>"; };
		1B3A65782930AACD0054BBF1 /* JobDetailViewController.swift */ = {isa = PBXFileReference; lastKnownFileType = sourcecode.swift; path = JobDetailViewController.swift; sourceTree = "<group>"; };
		1B3A657A2930AADA0054BBF1 /* JobDetailViewModel.swift */ = {isa = PBXFileReference; lastKnownFileType = sourcecode.swift; path = JobDetailViewModel.swift; sourceTree = "<group>"; };
		1B3A657C2930AAE20054BBF1 /* JobDetailModel.swift */ = {isa = PBXFileReference; lastKnownFileType = sourcecode.swift; path = JobDetailModel.swift; sourceTree = "<group>"; };
		1B3A65882930CC530054BBF1 /* RemarkTableViewCell.swift */ = {isa = PBXFileReference; lastKnownFileType = sourcecode.swift; path = RemarkTableViewCell.swift; sourceTree = "<group>"; };
		1B3A65892930CC530054BBF1 /* RemarkTableViewCell.xib */ = {isa = PBXFileReference; lastKnownFileType = file.xib; path = RemarkTableViewCell.xib; sourceTree = "<group>"; };
		1B3A658D2930CC6E0054BBF1 /* CustomeCell.swift */ = {isa = PBXFileReference; lastKnownFileType = sourcecode.swift; path = CustomeCell.swift; sourceTree = "<group>"; };
		1B3A658E2930CC6E0054BBF1 /* CustomeCell.xib */ = {isa = PBXFileReference; lastKnownFileType = file.xib; path = CustomeCell.xib; sourceTree = "<group>"; };
		1B6927D0293055D20085D29F /* LoginViewModel.swift */ = {isa = PBXFileReference; lastKnownFileType = sourcecode.swift; path = LoginViewModel.swift; sourceTree = "<group>"; };
		1B6927D22930560E0085D29F /* LoginResponse.swift */ = {isa = PBXFileReference; lastKnownFileType = sourcecode.swift; path = LoginResponse.swift; sourceTree = "<group>"; };
		1B6927DB29306EE00085D29F /* HomeViewController.swift */ = {isa = PBXFileReference; lastKnownFileType = sourcecode.swift; path = HomeViewController.swift; sourceTree = "<group>"; };
		1B6927DE29306EFF0085D29F /* HomeViewModel.swift */ = {isa = PBXFileReference; lastKnownFileType = sourcecode.swift; path = HomeViewModel.swift; sourceTree = "<group>"; };
		1B6927E2293079C10085D29F /* Singerton.swift */ = {isa = PBXFileReference; lastKnownFileType = sourcecode.swift; path = Singerton.swift; sourceTree = "<group>"; };
		1B6927E429307F190085D29F /* ModuleCellCollectionViewCell.swift */ = {isa = PBXFileReference; lastKnownFileType = sourcecode.swift; path = ModuleCellCollectionViewCell.swift; sourceTree = "<group>"; };
		1B6927E529307F190085D29F /* ModuleCellCollectionViewCell.xib */ = {isa = PBXFileReference; lastKnownFileType = file.xib; path = ModuleCellCollectionViewCell.xib; sourceTree = "<group>"; };
		1B6927F0293082D70085D29F /* NewJobViewModel.swift */ = {isa = PBXFileReference; lastKnownFileType = sourcecode.swift; path = NewJobViewModel.swift; sourceTree = "<group>"; };
		1B6927F2293082E30085D29F /* JobModel.swift */ = {isa = PBXFileReference; lastKnownFileType = sourcecode.swift; path = JobModel.swift; sourceTree = "<group>"; };
		1B6927F4293092D10085D29F /* NewJobViewController.swift */ = {isa = PBXFileReference; lastKnownFileType = sourcecode.swift; path = NewJobViewController.swift; sourceTree = "<group>"; };
		1B6927F9293099B80085D29F /* NewJobTableViewCell.swift */ = {isa = PBXFileReference; lastKnownFileType = sourcecode.swift; path = NewJobTableViewCell.swift; sourceTree = "<group>"; };
		1B6927FA293099B80085D29F /* NewJobTableViewCell.xib */ = {isa = PBXFileReference; lastKnownFileType = file.xib; path = NewJobTableViewCell.xib; sourceTree = "<group>"; };
		1B9E1E01292F7AFF009EE387 /* ARRA 3.0.app */ = {isa = PBXFileReference; explicitFileType = wrapper.application; includeInIndex = 0; path = "ARRA 3.0.app"; sourceTree = BUILT_PRODUCTS_DIR; };
		1B9E1E04292F7AFF009EE387 /* AppDelegate.swift */ = {isa = PBXFileReference; lastKnownFileType = sourcecode.swift; path = AppDelegate.swift; sourceTree = "<group>"; };
		1B9E1E06292F7AFF009EE387 /* SceneDelegate.swift */ = {isa = PBXFileReference; lastKnownFileType = sourcecode.swift; path = SceneDelegate.swift; sourceTree = "<group>"; };
		1B9E1E0B292F7AFF009EE387 /* Base */ = {isa = PBXFileReference; lastKnownFileType = file.storyboard; name = Base; path = Base.lproj/Main.storyboard; sourceTree = "<group>"; };
		1B9E1E0D292F7B03009EE387 /* Assets.xcassets */ = {isa = PBXFileReference; lastKnownFileType = folder.assetcatalog; path = Assets.xcassets; sourceTree = "<group>"; };
		1B9E1E10292F7B03009EE387 /* Base */ = {isa = PBXFileReference; lastKnownFileType = file.storyboard; name = Base; path = Base.lproj/LaunchScreen.storyboard; sourceTree = "<group>"; };
		1B9E1E12292F7B03009EE387 /* Info.plist */ = {isa = PBXFileReference; lastKnownFileType = text.plist.xml; path = Info.plist; sourceTree = "<group>"; };
		1B9E1E18292F7E46009EE387 /* LoginViewController.swift */ = {isa = PBXFileReference; lastKnownFileType = sourcecode.swift; path = LoginViewController.swift; sourceTree = "<group>"; };
		1BBCB45E2936F0DC0073A2EF /* PopoverViewController.swift */ = {isa = PBXFileReference; lastKnownFileType = sourcecode.swift; path = PopoverViewController.swift; sourceTree = "<group>"; };
		1BBCB4602936F9940073A2EF /* PopoverTableViewCell.swift */ = {isa = PBXFileReference; lastKnownFileType = sourcecode.swift; path = PopoverTableViewCell.swift; sourceTree = "<group>"; };
		1BBCB4612936F9940073A2EF /* PopoverTableViewCell.xib */ = {isa = PBXFileReference; lastKnownFileType = file.xib; path = PopoverTableViewCell.xib; sourceTree = "<group>"; };
		D0767BB35124AF65C5BCC402 /* Pods-ARRA 3.0.debug.xcconfig */ = {isa = PBXFileReference; includeInIndex = 1; lastKnownFileType = text.xcconfig; name = "Pods-ARRA 3.0.debug.xcconfig"; path = "Target Support Files/Pods-ARRA 3.0/Pods-ARRA 3.0.debug.xcconfig"; sourceTree = "<group>"; };
		E2BA60D644D489D1A9B0FF69 /* Pods-ARRA 3.0.release.xcconfig */ = {isa = PBXFileReference; includeInIndex = 1; lastKnownFileType = text.xcconfig; name = "Pods-ARRA 3.0.release.xcconfig"; path = "Target Support Files/Pods-ARRA 3.0/Pods-ARRA 3.0.release.xcconfig"; sourceTree = "<group>"; };
		F69B55D2E59860969D4D5702 /* Pods_ARRA_3_0.framework */ = {isa = PBXFileReference; explicitFileType = wrapper.framework; includeInIndex = 0; path = Pods_ARRA_3_0.framework; sourceTree = BUILT_PRODUCTS_DIR; };
/* End PBXFileReference section */

/* Begin PBXFrameworksBuildPhase section */
		1B9E1DFE292F7AFF009EE387 /* Frameworks */ = {
			isa = PBXFrameworksBuildPhase;
			buildActionMask = 2147483647;
			files = (
				61841F33E9D0FD2DBB1723EC /* Pods_ARRA_3_0.framework in Frameworks */,
			);
			runOnlyForDeploymentPostprocessing = 0;
		};
/* End PBXFrameworksBuildPhase section */

/* Begin PBXGroup section */
		1B12B6DB2934AFE800E1DBFF /* Checkin-Checkout */ = {
			isa = PBXGroup;
			children = (
				1B12B6DC2934B01000E1DBFF /* CheckInViewController.swift */,
				1B12B6DE2934B10D00E1DBFF /* MapViewController.swift */,
				1B12B6E12934B47E00E1DBFF /* LocationManager.swift */,
			);
			path = "Checkin-Checkout";
			sourceTree = "<group>";
		};
		1B3A657329309BB90054BBF1 /* Other */ = {
			isa = PBXGroup;
			children = (
				1B6927D22930560E0085D29F /* LoginResponse.swift */,
				1B3804D32935B03F000ED4C6 /* Webservice.swift */,
				1B3804D52935B059000ED4C6 /* Environment.swift */,
				1B3804D72935B07D000ED4C6 /* AllowSystem.swift */,
				1B3804CF2935AF63000ED4C6 /* BusinessUnit.swift */,
				1B3804CB2935AEF5000ED4C6 /* User.swift */,
				1B9E1E06292F7AFF009EE387 /* SceneDelegate.swift */,
				1B9E1E04292F7AFF009EE387 /* AppDelegate.swift */,
				1B9E1E0A292F7AFF009EE387 /* Main.storyboard */,
				1B9E1E0D292F7B03009EE387 /* Assets.xcassets */,
				1B9E1E0F292F7B03009EE387 /* LaunchScreen.storyboard */,
				1B3A657129309BB20054BBF1 /* Font.swift */,
				1B3A65742930A91F0054BBF1 /* UIColor.swift */,
				1B6927E2293079C10085D29F /* Singerton.swift */,
				1B3804C82935AB4C000ED4C6 /* KeychainManager.swift */,
				1B3804CD2935AF48000ED4C6 /* Extension.swift */,
				1B3804D12935B01B000ED4C6 /* Config.swift */,
				1B3804D92935C22D000ED4C6 /* AlertManager.swift */,
				1B3804DB2935DB3E000ED4C6 /* CacheManager.swift */,
			);
			path = Other;
			sourceTree = "<group>";
		};
		1B3A657E2930ADBC0054BBF1 /* JobDetail */ = {
			isa = PBXGroup;
			children = (
				1B3A65782930AACD0054BBF1 /* JobDetailViewController.swift */,
				1B3A657A2930AADA0054BBF1 /* JobDetailViewModel.swift */,
				1B3A657C2930AAE20054BBF1 /* JobDetailModel.swift */,
				1B3A65832930B6E40054BBF1 /* Cell */,
			);
			path = JobDetail;
			sourceTree = "<group>";
		};
		1B3A65832930B6E40054BBF1 /* Cell */ = {
			isa = PBXGroup;
			children = (
				1B3A658C2930CC560054BBF1 /* Remark */,
				1B3A65912930CC820054BBF1 /* Map */,
			);
			path = Cell;
			sourceTree = "<group>";
		};
		1B3A658C2930CC560054BBF1 /* Remark */ = {
			isa = PBXGroup;
			children = (
				1B3A65882930CC530054BBF1 /* RemarkTableViewCell.swift */,
				1B3A65892930CC530054BBF1 /* RemarkTableViewCell.xib */,
			);
			path = Remark;
			sourceTree = "<group>";
		};
		1B3A65912930CC820054BBF1 /* Map */ = {
			isa = PBXGroup;
			children = (
				1B3A658D2930CC6E0054BBF1 /* CustomeCell.swift */,
				1B3A658E2930CC6E0054BBF1 /* CustomeCell.xib */,
			);
			path = Map;
			sourceTree = "<group>";
		};
		1B6927DA29306E7F0085D29F /* Login */ = {
			isa = PBXGroup;
			children = (
				1B9E1E18292F7E46009EE387 /* LoginViewController.swift */,
				1B6927D0293055D20085D29F /* LoginViewModel.swift */,
				1B3804C629359AEF000ED4C6 /* LoginModel.swift */,
			);
			path = Login;
			sourceTree = "<group>";
		};
		1B6927DD29306EEA0085D29F /* Home */ = {
			isa = PBXGroup;
			children = (
				1B6927DB29306EE00085D29F /* HomeViewController.swift */,
				1B6927DE29306EFF0085D29F /* HomeViewModel.swift */,
				1BBCB45E2936F0DC0073A2EF /* PopoverViewController.swift */,
				1B6927E829307F210085D29F /* Cell */,
			);
			path = Home;
			sourceTree = "<group>";
		};
		1B6927E829307F210085D29F /* Cell */ = {
			isa = PBXGroup;
			children = (
				1B6927E429307F190085D29F /* ModuleCellCollectionViewCell.swift */,
				1B6927E529307F190085D29F /* ModuleCellCollectionViewCell.xib */,
				1B3804DD293614EC000ED4C6 /* DropDownCell.swift */,
				1B3804DE293614EC000ED4C6 /* DropDownCell.xib */,
				1BBCB4602936F9940073A2EF /* PopoverTableViewCell.swift */,
				1BBCB4612936F9940073A2EF /* PopoverTableViewCell.xib */,
			);
			path = Cell;
			sourceTree = "<group>";
		};
		1B6927E9293082420085D29F /* Modules */ = {
			isa = PBXGroup;
			children = (
				1B12B6DB2934AFE800E1DBFF /* Checkin-Checkout */,
				1B3A657E2930ADBC0054BBF1 /* JobDetail */,
				1B6927ED293082670085D29F /* Setting */,
				1B6927EC2930825A0085D29F /* RejectHistory */,
				1B6927EA2930824A0085D29F /* NewJob */,
			);
			path = Modules;
			sourceTree = "<group>";
		};
		1B6927EA2930824A0085D29F /* NewJob */ = {
			isa = PBXGroup;
			children = (
				1B6927F0293082D70085D29F /* NewJobViewModel.swift */,
				1B6927F2293082E30085D29F /* JobModel.swift */,
				1B6927F4293092D10085D29F /* NewJobViewController.swift */,
				1B6927FD293099C00085D29F /* Cell */,
			);
			path = NewJob;
			sourceTree = "<group>";
		};
		1B6927EC2930825A0085D29F /* RejectHistory */ = {
			isa = PBXGroup;
			children = (
			);
			path = RejectHistory;
			sourceTree = "<group>";
		};
		1B6927ED293082670085D29F /* Setting */ = {
			isa = PBXGroup;
			children = (
			);
			path = Setting;
			sourceTree = "<group>";
		};
		1B6927FD293099C00085D29F /* Cell */ = {
			isa = PBXGroup;
			children = (
				1B6927F9293099B80085D29F /* NewJobTableViewCell.swift */,
				1B6927FA293099B80085D29F /* NewJobTableViewCell.xib */,
			);
			path = Cell;
			sourceTree = "<group>";
		};
		1B9E1DF8292F7AFF009EE387 = {
			isa = PBXGroup;
			children = (
				1B9E1E03292F7AFF009EE387 /* ARRA 3.0 */,
				1B9E1E02292F7AFF009EE387 /* Products */,
				A11E9A6421B6F6B8D7962788 /* Pods */,
				4F6E366B88D339A8AFA8E4D1 /* Frameworks */,
			);
			sourceTree = "<group>";
		};
		1B9E1E02292F7AFF009EE387 /* Products */ = {
			isa = PBXGroup;
			children = (
				1B9E1E01292F7AFF009EE387 /* ARRA 3.0.app */,
			);
			name = Products;
			sourceTree = "<group>";
		};
		1B9E1E03292F7AFF009EE387 /* ARRA 3.0 */ = {
			isa = PBXGroup;
			children = (
				1B9E1E12292F7B03009EE387 /* Info.plist */,
				1B6927E9293082420085D29F /* Modules */,
				1B6927DA29306E7F0085D29F /* Login */,
				1B6927DD29306EEA0085D29F /* Home */,
				1B3A657329309BB90054BBF1 /* Other */,
			);
			path = "ARRA 3.0";
			sourceTree = "<group>";
		};
		4F6E366B88D339A8AFA8E4D1 /* Frameworks */ = {
			isa = PBXGroup;
			children = (
				F69B55D2E59860969D4D5702 /* Pods_ARRA_3_0.framework */,
			);
			name = Frameworks;
			sourceTree = "<group>";
		};
		A11E9A6421B6F6B8D7962788 /* Pods */ = {
			isa = PBXGroup;
			children = (
				D0767BB35124AF65C5BCC402 /* Pods-ARRA 3.0.debug.xcconfig */,
				E2BA60D644D489D1A9B0FF69 /* Pods-ARRA 3.0.release.xcconfig */,
			);
			path = Pods;
			sourceTree = "<group>";
		};
/* End PBXGroup section */

/* Begin PBXNativeTarget section */
		1B9E1E00292F7AFF009EE387 /* ARRA 3.0 */ = {
			isa = PBXNativeTarget;
			buildConfigurationList = 1B9E1E15292F7B03009EE387 /* Build configuration list for PBXNativeTarget "ARRA 3.0" */;
			buildPhases = (
				B35B89228F5E5D4B23890AE9 /* [CP] Check Pods Manifest.lock */,
				1B9E1DFD292F7AFF009EE387 /* Sources */,
				1B9E1DFE292F7AFF009EE387 /* Frameworks */,
				1B9E1DFF292F7AFF009EE387 /* Resources */,
				BFE402FB48551C61B8068343 /* [CP] Embed Pods Frameworks */,
			);
			buildRules = (
			);
			dependencies = (
			);
			name = "ARRA 3.0";
			productName = "ARRA 3.0";
			productReference = 1B9E1E01292F7AFF009EE387 /* ARRA 3.0.app */;
			productType = "com.apple.product-type.application";
		};
/* End PBXNativeTarget section */

/* Begin PBXProject section */
		1B9E1DF9292F7AFF009EE387 /* Project object */ = {
			isa = PBXProject;
			attributes = {
				BuildIndependentTargetsInParallel = 1;
				LastSwiftUpdateCheck = 1310;
				LastUpgradeCheck = 1310;
				TargetAttributes = {
					1B9E1E00292F7AFF009EE387 = {
						CreatedOnToolsVersion = 13.1;
					};
				};
			};
			buildConfigurationList = 1B9E1DFC292F7AFF009EE387 /* Build configuration list for PBXProject "ARRA 3.0" */;
			compatibilityVersion = "Xcode 13.0";
			developmentRegion = en;
			hasScannedForEncodings = 0;
			knownRegions = (
				en,
				Base,
			);
			mainGroup = 1B9E1DF8292F7AFF009EE387;
			productRefGroup = 1B9E1E02292F7AFF009EE387 /* Products */;
			projectDirPath = "";
			projectRoot = "";
			targets = (
				1B9E1E00292F7AFF009EE387 /* ARRA 3.0 */,
			);
		};
/* End PBXProject section */

/* Begin PBXResourcesBuildPhase section */
		1B9E1DFF292F7AFF009EE387 /* Resources */ = {
			isa = PBXResourcesBuildPhase;
			buildActionMask = 2147483647;
			files = (
				1B6927E729307F190085D29F /* ModuleCellCollectionViewCell.xib in Resources */,
				1BBCB4632936F9940073A2EF /* PopoverTableViewCell.xib in Resources */,
				1B3A658B2930CC530054BBF1 /* RemarkTableViewCell.xib in Resources */,
				1B9E1E11292F7B03009EE387 /* LaunchScreen.storyboard in Resources */,
				1B9E1E0E292F7B03009EE387 /* Assets.xcassets in Resources */,
				1B3A65902930CC6E0054BBF1 /* CustomeCell.xib in Resources */,
				1B9E1E0C292F7AFF009EE387 /* Main.storyboard in Resources */,
				1B3804E0293614EC000ED4C6 /* DropDownCell.xib in Resources */,
				1B6927FC293099B80085D29F /* NewJobTableViewCell.xib in Resources */,
			);
			runOnlyForDeploymentPostprocessing = 0;
		};
/* End PBXResourcesBuildPhase section */

/* Begin PBXShellScriptBuildPhase section */
		B35B89228F5E5D4B23890AE9 /* [CP] Check Pods Manifest.lock */ = {
			isa = PBXShellScriptBuildPhase;
			buildActionMask = 2147483647;
			files = (
			);
			inputFileListPaths = (
			);
			inputPaths = (
				"${PODS_PODFILE_DIR_PATH}/Podfile.lock",
				"${PODS_ROOT}/Manifest.lock",
			);
			name = "[CP] Check Pods Manifest.lock";
			outputFileListPaths = (
			);
			outputPaths = (
				"$(DERIVED_FILE_DIR)/Pods-ARRA 3.0-checkManifestLockResult.txt",
			);
			runOnlyForDeploymentPostprocessing = 0;
			shellPath = /bin/sh;
			shellScript = "diff \"${PODS_PODFILE_DIR_PATH}/Podfile.lock\" \"${PODS_ROOT}/Manifest.lock\" > /dev/null\nif [ $? != 0 ] ; then\n    # print error to STDERR\n    echo \"error: The sandbox is not in sync with the Podfile.lock. Run 'pod install' or update your CocoaPods installation.\" >&2\n    exit 1\nfi\n# This output is used by Xcode 'outputs' to avoid re-running this script phase.\necho \"SUCCESS\" > \"${SCRIPT_OUTPUT_FILE_0}\"\n";
			showEnvVarsInLog = 0;
		};
		BFE402FB48551C61B8068343 /* [CP] Embed Pods Frameworks */ = {
			isa = PBXShellScriptBuildPhase;
			buildActionMask = 2147483647;
			files = (
			);
			inputFileListPaths = (
				"${PODS_ROOT}/Target Support Files/Pods-ARRA 3.0/Pods-ARRA 3.0-frameworks-${CONFIGURATION}-input-files.xcfilelist",
			);
			name = "[CP] Embed Pods Frameworks";
			outputFileListPaths = (
				"${PODS_ROOT}/Target Support Files/Pods-ARRA 3.0/Pods-ARRA 3.0-frameworks-${CONFIGURATION}-output-files.xcfilelist",
			);
			runOnlyForDeploymentPostprocessing = 0;
			shellPath = /bin/sh;
			shellScript = "\"${PODS_ROOT}/Target Support Files/Pods-ARRA 3.0/Pods-ARRA 3.0-frameworks.sh\"\n";
			showEnvVarsInLog = 0;
		};
/* End PBXShellScriptBuildPhase section */

/* Begin PBXSourcesBuildPhase section */
		1B9E1DFD292F7AFF009EE387 /* Sources */ = {
			isa = PBXSourcesBuildPhase;
			buildActionMask = 2147483647;
			files = (
				1B6927F3293082E30085D29F /* JobModel.swift in Sources */,
				1B3804D62935B059000ED4C6 /* Environment.swift in Sources */,
				1B3A657B2930AADA0054BBF1 /* JobDetailViewModel.swift in Sources */,
				1B6927D32930560E0085D29F /* LoginResponse.swift in Sources */,
				1B3804CE2935AF48000ED4C6 /* Extension.swift in Sources */,
				1B6927F1293082D70085D29F /* NewJobViewModel.swift in Sources */,
				1B3A65752930A91F0054BBF1 /* UIColor.swift in Sources */,
				1B3A658F2930CC6E0054BBF1 /* CustomeCell.swift in Sources */,
				1B6927E3293079C10085D29F /* Singerton.swift in Sources */,
				1B6927DF29306EFF0085D29F /* HomeViewModel.swift in Sources */,
				1B3804DF293614EC000ED4C6 /* DropDownCell.swift in Sources */,
				1B12B6DF2934B10E00E1DBFF /* MapViewController.swift in Sources */,
				1B6927D1293055D20085D29F /* LoginViewModel.swift in Sources */,
				1B3804D42935B03F000ED4C6 /* Webservice.swift in Sources */,
				1B9E1E19292F7E46009EE387 /* LoginViewController.swift in Sources */,
				1B12B6DD2934B01000E1DBFF /* CheckInViewController.swift in Sources */,
				1BBCB45F2936F0DC0073A2EF /* PopoverViewController.swift in Sources */,
				1B6927DC29306EE00085D29F /* HomeViewController.swift in Sources */,
				1B3804C92935AB4C000ED4C6 /* KeychainManager.swift in Sources */,
				1B6927F5293092D10085D29F /* NewJobViewController.swift in Sources */,
				1B6927E629307F190085D29F /* ModuleCellCollectionViewCell.swift in Sources */,
				1B3804D22935B01B000ED4C6 /* Config.swift in Sources */,
				1B3804DC2935DB3E000ED4C6 /* CacheManager.swift in Sources */,
				1B3A65792930AACD0054BBF1 /* JobDetailViewController.swift in Sources */,
				1B3804D02935AF63000ED4C6 /* BusinessUnit.swift in Sources */,
				1B3A657229309BB20054BBF1 /* Font.swift in Sources */,
				1B3804DA2935C22D000ED4C6 /* AlertManager.swift in Sources */,
				1B6927FB293099B80085D29F /* NewJobTableViewCell.swift in Sources */,
				1B3804CC2935AEF5000ED4C6 /* User.swift in Sources */,
				1B9E1E05292F7AFF009EE387 /* AppDelegate.swift in Sources */,
				1B3A657D2930AAE20054BBF1 /* JobDetailModel.swift in Sources */,
				1B3804C729359AEF000ED4C6 /* LoginModel.swift in Sources */,
				1B12B6E22934B47E00E1DBFF /* LocationManager.swift in Sources */,
				1B9E1E07292F7AFF009EE387 /* SceneDelegate.swift in Sources */,
				1B3A658A2930CC530054BBF1 /* RemarkTableViewCell.swift in Sources */,
				1BBCB4622936F9940073A2EF /* PopoverTableViewCell.swift in Sources */,
				1B3804D82935B07D000ED4C6 /* AllowSystem.swift in Sources */,
			);
			runOnlyForDeploymentPostprocessing = 0;
		};
/* End PBXSourcesBuildPhase section */

/* Begin PBXVariantGroup section */
		1B9E1E0A292F7AFF009EE387 /* Main.storyboard */ = {
			isa = PBXVariantGroup;
			children = (
				1B9E1E0B292F7AFF009EE387 /* Base */,
			);
			name = Main.storyboard;
			sourceTree = "<group>";
		};
		1B9E1E0F292F7B03009EE387 /* LaunchScreen.storyboard */ = {
			isa = PBXVariantGroup;
			children = (
				1B9E1E10292F7B03009EE387 /* Base */,
			);
			name = LaunchScreen.storyboard;
			sourceTree = "<group>";
		};
/* End PBXVariantGroup section */

/* Begin XCBuildConfiguration section */
		1B9E1E13292F7B03009EE387 /* Debug */ = {
			isa = XCBuildConfiguration;
			buildSettings = {
				ALWAYS_SEARCH_USER_PATHS = NO;
				CLANG_ANALYZER_NONNULL = YES;
				CLANG_ANALYZER_NUMBER_OBJECT_CONVERSION = YES_AGGRESSIVE;
				CLANG_CXX_LANGUAGE_STANDARD = "gnu++17";
				CLANG_CXX_LIBRARY = "libc++";
				CLANG_ENABLE_MODULES = YES;
				CLANG_ENABLE_OBJC_ARC = YES;
				CLANG_ENABLE_OBJC_WEAK = YES;
				CLANG_WARN_BLOCK_CAPTURE_AUTORELEASING = YES;
				CLANG_WARN_BOOL_CONVERSION = YES;
				CLANG_WARN_COMMA = YES;
				CLANG_WARN_CONSTANT_CONVERSION = YES;
				CLANG_WARN_DEPRECATED_OBJC_IMPLEMENTATIONS = YES;
				CLANG_WARN_DIRECT_OBJC_ISA_USAGE = YES_ERROR;
				CLANG_WARN_DOCUMENTATION_COMMENTS = YES;
				CLANG_WARN_EMPTY_BODY = YES;
				CLANG_WARN_ENUM_CONVERSION = YES;
				CLANG_WARN_INFINITE_RECURSION = YES;
				CLANG_WARN_INT_CONVERSION = YES;
				CLANG_WARN_NON_LITERAL_NULL_CONVERSION = YES;
				CLANG_WARN_OBJC_IMPLICIT_RETAIN_SELF = YES;
				CLANG_WARN_OBJC_LITERAL_CONVERSION = YES;
				CLANG_WARN_OBJC_ROOT_CLASS = YES_ERROR;
				CLANG_WARN_QUOTED_INCLUDE_IN_FRAMEWORK_HEADER = YES;
				CLANG_WARN_RANGE_LOOP_ANALYSIS = YES;
				CLANG_WARN_STRICT_PROTOTYPES = YES;
				CLANG_WARN_SUSPICIOUS_MOVE = YES;
				CLANG_WARN_UNGUARDED_AVAILABILITY = YES_AGGRESSIVE;
				CLANG_WARN_UNREACHABLE_CODE = YES;
				CLANG_WARN__DUPLICATE_METHOD_MATCH = YES;
				COPY_PHASE_STRIP = NO;
				DEBUG_INFORMATION_FORMAT = dwarf;
				ENABLE_STRICT_OBJC_MSGSEND = YES;
				ENABLE_TESTABILITY = YES;
				GCC_C_LANGUAGE_STANDARD = gnu11;
				GCC_DYNAMIC_NO_PIC = NO;
				GCC_NO_COMMON_BLOCKS = YES;
				GCC_OPTIMIZATION_LEVEL = 0;
				GCC_PREPROCESSOR_DEFINITIONS = (
					"DEBUG=1",
					"$(inherited)",
				);
				GCC_WARN_64_TO_32_BIT_CONVERSION = YES;
				GCC_WARN_ABOUT_RETURN_TYPE = YES_ERROR;
				GCC_WARN_UNDECLARED_SELECTOR = YES;
				GCC_WARN_UNINITIALIZED_AUTOS = YES_AGGRESSIVE;
				GCC_WARN_UNUSED_FUNCTION = YES;
				GCC_WARN_UNUSED_VARIABLE = YES;
				IPHONEOS_DEPLOYMENT_TARGET = 15.0;
				MTL_ENABLE_DEBUG_INFO = INCLUDE_SOURCE;
				MTL_FAST_MATH = YES;
				ONLY_ACTIVE_ARCH = YES;
				SDKROOT = iphoneos;
				SWIFT_ACTIVE_COMPILATION_CONDITIONS = DEBUG;
				SWIFT_OPTIMIZATION_LEVEL = "-Onone";
			};
			name = Debug;
		};
		1B9E1E14292F7B03009EE387 /* Release */ = {
			isa = XCBuildConfiguration;
			buildSettings = {
				ALWAYS_SEARCH_USER_PATHS = NO;
				CLANG_ANALYZER_NONNULL = YES;
				CLANG_ANALYZER_NUMBER_OBJECT_CONVERSION = YES_AGGRESSIVE;
				CLANG_CXX_LANGUAGE_STANDARD = "gnu++17";
				CLANG_CXX_LIBRARY = "libc++";
				CLANG_ENABLE_MODULES = YES;
				CLANG_ENABLE_OBJC_ARC = YES;
				CLANG_ENABLE_OBJC_WEAK = YES;
				CLANG_WARN_BLOCK_CAPTURE_AUTORELEASING = YES;
				CLANG_WARN_BOOL_CONVERSION = YES;
				CLANG_WARN_COMMA = YES;
				CLANG_WARN_CONSTANT_CONVERSION = YES;
				CLANG_WARN_DEPRECATED_OBJC_IMPLEMENTATIONS = YES;
				CLANG_WARN_DIRECT_OBJC_ISA_USAGE = YES_ERROR;
				CLANG_WARN_DOCUMENTATION_COMMENTS = YES;
				CLANG_WARN_EMPTY_BODY = YES;
				CLANG_WARN_ENUM_CONVERSION = YES;
				CLANG_WARN_INFINITE_RECURSION = YES;
				CLANG_WARN_INT_CONVERSION = YES;
				CLANG_WARN_NON_LITERAL_NULL_CONVERSION = YES;
				CLANG_WARN_OBJC_IMPLICIT_RETAIN_SELF = YES;
				CLANG_WARN_OBJC_LITERAL_CONVERSION = YES;
				CLANG_WARN_OBJC_ROOT_CLASS = YES_ERROR;
				CLANG_WARN_QUOTED_INCLUDE_IN_FRAMEWORK_HEADER = YES;
				CLANG_WARN_RANGE_LOOP_ANALYSIS = YES;
				CLANG_WARN_STRICT_PROTOTYPES = YES;
				CLANG_WARN_SUSPICIOUS_MOVE = YES;
				CLANG_WARN_UNGUARDED_AVAILABILITY = YES_AGGRESSIVE;
				CLANG_WARN_UNREACHABLE_CODE = YES;
				CLANG_WARN__DUPLICATE_METHOD_MATCH = YES;
				COPY_PHASE_STRIP = NO;
				DEBUG_INFORMATION_FORMAT = "dwarf-with-dsym";
				ENABLE_NS_ASSERTIONS = NO;
				ENABLE_STRICT_OBJC_MSGSEND = YES;
				GCC_C_LANGUAGE_STANDARD = gnu11;
				GCC_NO_COMMON_BLOCKS = YES;
				GCC_WARN_64_TO_32_BIT_CONVERSION = YES;
				GCC_WARN_ABOUT_RETURN_TYPE = YES_ERROR;
				GCC_WARN_UNDECLARED_SELECTOR = YES;
				GCC_WARN_UNINITIALIZED_AUTOS = YES_AGGRESSIVE;
				GCC_WARN_UNUSED_FUNCTION = YES;
				GCC_WARN_UNUSED_VARIABLE = YES;
				IPHONEOS_DEPLOYMENT_TARGET = 15.0;
				MTL_ENABLE_DEBUG_INFO = NO;
				MTL_FAST_MATH = YES;
				SDKROOT = iphoneos;
				SWIFT_COMPILATION_MODE = wholemodule;
				SWIFT_OPTIMIZATION_LEVEL = "-O";
				VALIDATE_PRODUCT = YES;
			};
			name = Release;
		};
		1B9E1E16292F7B03009EE387 /* Debug */ = {
			isa = XCBuildConfiguration;
			baseConfigurationReference = D0767BB35124AF65C5BCC402 /* Pods-ARRA 3.0.debug.xcconfig */;
			buildSettings = {
				ASSETCATALOG_COMPILER_APPICON_NAME = AppIcon;
				ASSETCATALOG_COMPILER_GLOBAL_ACCENT_COLOR_NAME = AccentColor;
				CODE_SIGN_STYLE = Automatic;
				CURRENT_PROJECT_VERSION = 1;
				DEVELOPMENT_TEAM = 69CR477L7G;
				GENERATE_INFOPLIST_FILE = YES;
				INFOPLIST_FILE = "ARRA 3.0/Info.plist";
				INFOPLIST_KEY_UIApplicationSupportsIndirectInputEvents = YES;
				INFOPLIST_KEY_UILaunchStoryboardName = LaunchScreen;
				INFOPLIST_KEY_UIMainStoryboardFile = Main;
				INFOPLIST_KEY_UISupportedInterfaceOrientations_iPad = "UIInterfaceOrientationPortrait UIInterfaceOrientationPortraitUpsideDown UIInterfaceOrientationLandscapeLeft UIInterfaceOrientationLandscapeRight";
				INFOPLIST_KEY_UISupportedInterfaceOrientations_iPhone = "UIInterfaceOrientationPortrait UIInterfaceOrientationLandscapeLeft UIInterfaceOrientationLandscapeRight";
				LD_RUNPATH_SEARCH_PATHS = (
					"$(inherited)",
					"@executable_path/Frameworks",
				);
				MARKETING_VERSION = 1.0;
				PRODUCT_BUNDLE_IDENTIFIER = "co.kitja.ARRA-3-0";
				PRODUCT_NAME = "$(TARGET_NAME)";
				SWIFT_EMIT_LOC_STRINGS = YES;
				SWIFT_VERSION = 5.0;
				TARGETED_DEVICE_FAMILY = "1,2";
			};
			name = Debug;
		};
		1B9E1E17292F7B03009EE387 /* Release */ = {
			isa = XCBuildConfiguration;
			baseConfigurationReference = E2BA60D644D489D1A9B0FF69 /* Pods-ARRA 3.0.release.xcconfig */;
			buildSettings = {
				ASSETCATALOG_COMPILER_APPICON_NAME = AppIcon;
				ASSETCATALOG_COMPILER_GLOBAL_ACCENT_COLOR_NAME = AccentColor;
				CODE_SIGN_STYLE = Automatic;
				CURRENT_PROJECT_VERSION = 1;
				DEVELOPMENT_TEAM = 69CR477L7G;
				GENERATE_INFOPLIST_FILE = YES;
				INFOPLIST_FILE = "ARRA 3.0/Info.plist";
				INFOPLIST_KEY_UIApplicationSupportsIndirectInputEvents = YES;
				INFOPLIST_KEY_UILaunchStoryboardName = LaunchScreen;
				INFOPLIST_KEY_UIMainStoryboardFile = Main;
				INFOPLIST_KEY_UISupportedInterfaceOrientations_iPad = "UIInterfaceOrientationPortrait UIInterfaceOrientationPortraitUpsideDown UIInterfaceOrientationLandscapeLeft UIInterfaceOrientationLandscapeRight";
				INFOPLIST_KEY_UISupportedInterfaceOrientations_iPhone = "UIInterfaceOrientationPortrait UIInterfaceOrientationLandscapeLeft UIInterfaceOrientationLandscapeRight";
				LD_RUNPATH_SEARCH_PATHS = (
					"$(inherited)",
					"@executable_path/Frameworks",
				);
				MARKETING_VERSION = 1.0;
				PRODUCT_BUNDLE_IDENTIFIER = "co.kitja.ARRA-3-0";
				PRODUCT_NAME = "$(TARGET_NAME)";
				SWIFT_EMIT_LOC_STRINGS = YES;
				SWIFT_VERSION = 5.0;
				TARGETED_DEVICE_FAMILY = "1,2";
			};
			name = Release;
		};
/* End XCBuildConfiguration section */

/* Begin XCConfigurationList section */
		1B9E1DFC292F7AFF009EE387 /* Build configuration list for PBXProject "ARRA 3.0" */ = {
			isa = XCConfigurationList;
			buildConfigurations = (
				1B9E1E13292F7B03009EE387 /* Debug */,
				1B9E1E14292F7B03009EE387 /* Release */,
			);
			defaultConfigurationIsVisible = 0;
			defaultConfigurationName = Release;
		};
		1B9E1E15292F7B03009EE387 /* Build configuration list for PBXNativeTarget "ARRA 3.0" */ = {
			isa = XCConfigurationList;
			buildConfigurations = (
				1B9E1E16292F7B03009EE387 /* Debug */,
				1B9E1E17292F7B03009EE387 /* Release */,
			);
			defaultConfigurationIsVisible = 0;
			defaultConfigurationName = Release;
		};
/* End XCConfigurationList section */
	};
	rootObject = 1B9E1DF9292F7AFF009EE387 /* Project object */;
}
